# THIS IS AN AUTOGENERATED FILE. DO NOT EDIT THIS FILE DIRECTLY.
# yarn lockfile v1


"@stimulus-components/read-more@^5.0.0":
  version "5.0.0"
  resolved "https://registry.yarnpkg.com/@stimulus-components/read-more/-/read-more-5.0.0.tgz#125b6e23a86afd97309a6148b911f35075a44f40"
  integrity sha512-SwpdWrLOz9u/fuo6aTu5DjoyTnbixCB7RO3b63TTZ8GVjEiNcynu4ZEveBg+MNoc8ivZNqYBWI411Qn/fPtWtw==
